
Microsoft Visual Studio Solution File, Format Version 12.00
# Visual Studio Version 16
VisualStudioVersion = 25.0.1705.0
MinimumVisualStudioVersion = 10.0.40219.1
Project("{FAE04EC0-301F-11D3-BF4B-00C04F79EFBC}") = "Week15OOPFiles", "Week15OOPFiles\Week15OOPFiles.csproj", "{66D17531-C522-490B-92E5-38EAB16161BE}"
EndProject
Global
	GlobalSection(SolutionConfigurationPlatforms) = preSolution
		Debug|Any CPU = Debug|Any CPU
		Release|Any CPU = Release|Any CPU
	EndGlobalSection
	GlobalSection(ProjectConfigurationPlatforms) = postSolution
		{66D17531-C522-490B-92E5-38EAB16161BE}.Debug|Any CPU.ActiveCfg = Debug|Any CPU
		{66D17531-C522-490B-92E5-38EAB16161BE}.Debug|Any CPU.Build.0 = Debug|Any CPU
		{66D17531-C522-490B-92E5-38EAB16161BE}.Release|Any CPU.ActiveCfg = Release|Any CPU
		{66D17531-C522-490B-92E5-38EAB16161BE}.Release|Any CPU.Build.0 = Release|Any CPU
	EndGlobalSection
	GlobalSection(SolutionProperties) = preSolution
		HideSolutionNode = FALSE
	EndGlobalSection
	GlobalSection(ExtensibilityGlobals) = postSolution
		SolutionGuid = {C05575E8-3859-490C-89CC-A214D8E52CF2}
	EndGlobalSection
EndGlobal
